// !$*UTF8*$!
{
	archiveVersion = 1;
	classes = {
	};
	objectVersion = 77;
	objects = {

/* Begin PBXBuildFile section */
		A76B443A2E744A7300E6F830 /* Tracker.xcdatamodeld in Sources */ = {isa = PBXBuildFile; fileRef = A76B44382E744A7300E6F830 /* Tracker.xcdatamodeld */; };
		A78A24512E9431C9006F379A /* WeekDayArrayTransformer.swift in Sources */ = {isa = PBXBuildFile; fileRef = A78A24502E9431C8006F379A /* WeekDayArrayTransformer.swift */; };
		A78A247E2E9589FE006F379A /* InlineSnapshotTesting in Frameworks */ = {isa = PBXBuildFile; productRef = A78A247D2E9589FE006F379A /* InlineSnapshotTesting */; };
		A78A24802E9589FE006F379A /* SnapshotTesting in Frameworks */ = {isa = PBXBuildFile; productRef = A78A247F2E9589FE006F379A /* SnapshotTesting */; };
		A78A24822E9589FE006F379A /* SnapshotTestingCustomDump in Frameworks */ = {isa = PBXBuildFile; productRef = A78A24812E9589FE006F379A /* SnapshotTestingCustomDump */; };
		A7B7BD202E7869CF000579FD /* CoreDataStack.swift in Sources */ = {isa = PBXBuildFile; fileRef = A7B7BD1F2E7869CE000579FD /* CoreDataStack.swift */; };
		A7B7BD252E7920BB000579FD /* TrackerCategoryStore.swift in Sources */ = {isa = PBXBuildFile; fileRef = A7B7BD242E7920B1000579FD /* TrackerCategoryStore.swift */; };
		A7B7BD272E7920EE000579FD /* TrackerStore.swift in Sources */ = {isa = PBXBuildFile; fileRef = A7B7BD262E7920EB000579FD /* TrackerStore.swift */; };
		A7B7BD292E792108000579FD /* TrackerRecordStore.swift in Sources */ = {isa = PBXBuildFile; fileRef = A7B7BD282E792105000579FD /* TrackerRecordStore.swift */; };
		A7EEE52A2E8DC362008D5414 /* Localizable.stringsdict in Resources */ = {isa = PBXBuildFile; fileRef = A7EEE5282E8DC362008D5414 /* Localizable.stringsdict */; };
/* End PBXBuildFile section */

/* Begin PBXContainerItemProxy section */
		A712CEBB2E4A66F20050C5DC /* PBXContainerItemProxy */ = {
			isa = PBXContainerItemProxy;
			containerPortal = A712CE9C2E4A66F10050C5DC /* Project object */;
			proxyType = 1;
			remoteGlobalIDString = A712CEA32E4A66F10050C5DC;
			remoteInfo = Tracker;
		};
		A712CEC52E4A66F20050C5DC /* PBXContainerItemProxy */ = {
			isa = PBXContainerItemProxy;
			containerPortal = A712CE9C2E4A66F10050C5DC /* Project object */;
			proxyType = 1;
			remoteGlobalIDString = A712CEA32E4A66F10050C5DC;
			remoteInfo = Tracker;
		};
		A78A24772E958790006F379A /* PBXContainerItemProxy */ = {
			isa = PBXContainerItemProxy;
			containerPortal = A712CE9C2E4A66F10050C5DC /* Project object */;
			proxyType = 1;
			remoteGlobalIDString = A712CEA32E4A66F10050C5DC;
			remoteInfo = Tracker;
		};
/* End PBXContainerItemProxy section */

/* Begin PBXFileReference section */
		A712CEA42E4A66F10050C5DC /* Tracker.app */ = {isa = PBXFileReference; explicitFileType = wrapper.application; includeInIndex = 0; path = Tracker.app; sourceTree = BUILT_PRODUCTS_DIR; };
		A712CEBA2E4A66F20050C5DC /* TrackerTests.xctest */ = {isa = PBXFileReference; explicitFileType = wrapper.cfbundle; includeInIndex = 0; path = TrackerTests.xctest; sourceTree = BUILT_PRODUCTS_DIR; };
		A712CEC42E4A66F20050C5DC /* TrackerUITests.xctest */ = {isa = PBXFileReference; explicitFileType = wrapper.cfbundle; includeInIndex = 0; path = TrackerUITests.xctest; sourceTree = BUILT_PRODUCTS_DIR; };
		A76B44392E744A7300E6F830 /* Tracker.xcdatamodel */ = {isa = PBXFileReference; lastKnownFileType = wrapper.xcdatamodel; path = Tracker.xcdatamodel; sourceTree = "<group>"; };
		A78A24502E9431C8006F379A /* WeekDayArrayTransformer.swift */ = {isa = PBXFileReference; lastKnownFileType = sourcecode.swift; path = WeekDayArrayTransformer.swift; sourceTree = "<group>"; };
		A78A24732E958790006F379A /* TrackerSnapshotTests.xctest */ = {isa = PBXFileReference; explicitFileType = wrapper.cfbundle; includeInIndex = 0; path = TrackerSnapshotTests.xctest; sourceTree = BUILT_PRODUCTS_DIR; };
		A7B7BD1F2E7869CE000579FD /* CoreDataStack.swift */ = {isa = PBXFileReference; lastKnownFileType = sourcecode.swift; path = CoreDataStack.swift; sourceTree = "<group>"; };
		A7B7BD242E7920B1000579FD /* TrackerCategoryStore.swift */ = {isa = PBXFileReference; lastKnownFileType = sourcecode.swift; path = TrackerCategoryStore.swift; sourceTree = "<group>"; };
		A7B7BD262E7920EB000579FD /* TrackerStore.swift */ = {isa = PBXFileReference; lastKnownFileType = sourcecode.swift; path = TrackerStore.swift; sourceTree = "<group>"; };
		A7B7BD282E792105000579FD /* TrackerRecordStore.swift */ = {isa = PBXFileReference; lastKnownFileType = sourcecode.swift; path = TrackerRecordStore.swift; sourceTree = "<group>"; };
		A7EEE5292E8DC362008D5414 /* en */ = {isa = PBXFileReference; lastKnownFileType = text.plist.stringsdict; name = en; path = en.lproj/Localizable.stringsdict; sourceTree = "<group>"; };
		A7EEE52B2E8DC389008D5414 /* ru */ = {isa = PBXFileReference; lastKnownFileType = text.plist.stringsdict; name = ru; path = ru.lproj/Localizable.stringsdict; sourceTree = "<group>"; };
		A7EEE52C2E8DC38A008D5414 /* fr */ = {isa = PBXFileReference; lastKnownFileType = text.plist.stringsdict; name = fr; path = fr.lproj/Localizable.stringsdict; sourceTree = "<group>"; };
/* End PBXFileReference section */

/* Begin PBXFileSystemSynchronizedBuildFileExceptionSet section */
		A712CECC2E4A66F20050C5DC /* Exceptions for "Tracker" folder in "Tracker" target */ = {
			isa = PBXFileSystemSynchronizedBuildFileExceptionSet;
			membershipExceptions = (
				Info.plist,
			);
			target = A712CEA32E4A66F10050C5DC /* Tracker */;
		};
/* End PBXFileSystemSynchronizedBuildFileExceptionSet section */

/* Begin PBXFileSystemSynchronizedRootGroup section */
		A712CEA62E4A66F10050C5DC /* Tracker */ = {
			isa = PBXFileSystemSynchronizedRootGroup;
			exceptions = (
				A712CECC2E4A66F20050C5DC /* Exceptions for "Tracker" folder in "Tracker" target */,
			);
			path = Tracker;
			sourceTree = "<group>";
		};
		A712CEBD2E4A66F20050C5DC /* TrackerTests */ = {
			isa = PBXFileSystemSynchronizedRootGroup;
			path = TrackerTests;
			sourceTree = "<group>";
		};
		A712CEC72E4A66F20050C5DC /* TrackerUITests */ = {
			isa = PBXFileSystemSynchronizedRootGroup;
			path = TrackerUITests;
			sourceTree = "<group>";
		};
		A78A24742E958790006F379A /* TrackerSnapshotTests */ = {
			isa = PBXFileSystemSynchronizedRootGroup;
			path = TrackerSnapshotTests;
			sourceTree = "<group>";
		};
/* End PBXFileSystemSynchronizedRootGroup section */

/* Begin PBXFrameworksBuildPhase section */
		A712CEA12E4A66F10050C5DC /* Frameworks */ = {
			isa = PBXFrameworksBuildPhase;
			buildActionMask = 2147483647;
			files = (
			);
			runOnlyForDeploymentPostprocessing = 0;
		};
		A712CEB72E4A66F20050C5DC /* Frameworks */ = {
			isa = PBXFrameworksBuildPhase;
			buildActionMask = 2147483647;
			files = (
			);
			runOnlyForDeploymentPostprocessing = 0;
		};
		A712CEC12E4A66F20050C5DC /* Frameworks */ = {
			isa = PBXFrameworksBuildPhase;
			buildActionMask = 2147483647;
			files = (
			);
			runOnlyForDeploymentPostprocessing = 0;
		};
		A78A24702E958790006F379A /* Frameworks */ = {
			isa = PBXFrameworksBuildPhase;
			buildActionMask = 2147483647;
			files = (
				A78A24822E9589FE006F379A /* SnapshotTestingCustomDump in Frameworks */,
				A78A247E2E9589FE006F379A /* InlineSnapshotTesting in Frameworks */,
				A78A24802E9589FE006F379A /* SnapshotTesting in Frameworks */,
			);
			runOnlyForDeploymentPostprocessing = 0;
		};
/* End PBXFrameworksBuildPhase section */

/* Begin PBXGroup section */
		A712CE9B2E4A66F10050C5DC = {
			isa = PBXGroup;
			children = (
				A7EEE5282E8DC362008D5414 /* Localizable.stringsdict */,
				A712CEA62E4A66F10050C5DC /* Tracker */,
				A7B7BD212E79205C000579FD /* CoreDataStack */,
				A76B44382E744A7300E6F830 /* Tracker.xcdatamodeld */,
				A712CEBD2E4A66F20050C5DC /* TrackerTests */,
				A712CEC72E4A66F20050C5DC /* TrackerUITests */,
				A78A24742E958790006F379A /* TrackerSnapshotTests */,
				A712CEA52E4A66F10050C5DC /* Products */,
			);
			sourceTree = "<group>";
		};
		A712CEA52E4A66F10050C5DC /* Products */ = {
			isa = PBXGroup;
			children = (
				A712CEA42E4A66F10050C5DC /* Tracker.app */,
				A712CEBA2E4A66F20050C5DC /* TrackerTests.xctest */,
				A712CEC42E4A66F20050C5DC /* TrackerUITests.xctest */,
				A78A24732E958790006F379A /* TrackerSnapshotTests.xctest */,
			);
			name = Products;
			sourceTree = "<group>";
		};
		A7B7BD212E79205C000579FD /* CoreDataStack */ = {
			isa = PBXGroup;
			children = (
				A78A24502E9431C8006F379A /* WeekDayArrayTransformer.swift */,
				A7B7BD282E792105000579FD /* TrackerRecordStore.swift */,
				A7B7BD262E7920EB000579FD /* TrackerStore.swift */,
				A7B7BD242E7920B1000579FD /* TrackerCategoryStore.swift */,
				A7B7BD1F2E7869CE000579FD /* CoreDataStack.swift */,
			);
			path = CoreDataStack;
			sourceTree = "<group>";
		};
/* End PBXGroup section */

/* Begin PBXNativeTarget section */
		A712CEA32E4A66F10050C5DC /* Tracker */ = {
			isa = PBXNativeTarget;
			buildConfigurationList = A712CECD2E4A66F20050C5DC /* Build configuration list for PBXNativeTarget "Tracker" */;
			buildPhases = (
				A712CEA02E4A66F10050C5DC /* Sources */,
				A712CEA12E4A66F10050C5DC /* Frameworks */,
				A712CEA22E4A66F10050C5DC /* Resources */,
			);
			buildRules = (
			);
			dependencies = (
			);
			fileSystemSynchronizedGroups = (
				A712CEA62E4A66F10050C5DC /* Tracker */,
			);
			name = Tracker;
			packageProductDependencies = (
			);
			productName = Tracker;
			productReference = A712CEA42E4A66F10050C5DC /* Tracker.app */;
			productType = "com.apple.product-type.application";
		};
		A712CEB92E4A66F20050C5DC /* TrackerTests */ = {
			isa = PBXNativeTarget;
			buildConfigurationList = A712CED22E4A66F20050C5DC /* Build configuration list for PBXNativeTarget "TrackerTests" */;
			buildPhases = (
				A712CEB62E4A66F20050C5DC /* Sources */,
				A712CEB72E4A66F20050C5DC /* Frameworks */,
				A712CEB82E4A66F20050C5DC /* Resources */,
			);
			buildRules = (
			);
			dependencies = (
				A712CEBC2E4A66F20050C5DC /* PBXTargetDependency */,
			);
			fileSystemSynchronizedGroups = (
				A712CEBD2E4A66F20050C5DC /* TrackerTests */,
			);
			name = TrackerTests;
			packageProductDependencies = (
			);
			productName = TrackerTests;
			productReference = A712CEBA2E4A66F20050C5DC /* TrackerTests.xctest */;
			productType = "com.apple.product-type.bundle.unit-test";
		};
		A712CEC32E4A66F20050C5DC /* TrackerUITests */ = {
			isa = PBXNativeTarget;
			buildConfigurationList = A712CED52E4A66F20050C5DC /* Build configuration list for PBXNativeTarget "TrackerUITests" */;
			buildPhases = (
				A712CEC02E4A66F20050C5DC /* Sources */,
				A712CEC12E4A66F20050C5DC /* Frameworks */,
				A712CEC22E4A66F20050C5DC /* Resources */,
			);
			buildRules = (
			);
			dependencies = (
				A712CEC62E4A66F20050C5DC /* PBXTargetDependency */,
			);
			fileSystemSynchronizedGroups = (
				A712CEC72E4A66F20050C5DC /* TrackerUITests */,
			);
			name = TrackerUITests;
			packageProductDependencies = (
			);
			productName = TrackerUITests;
			productReference = A712CEC42E4A66F20050C5DC /* TrackerUITests.xctest */;
			productType = "com.apple.product-type.bundle.ui-testing";
		};
		A78A24722E958790006F379A /* TrackerSnapshotTests */ = {
			isa = PBXNativeTarget;
			buildConfigurationList = A78A24792E958790006F379A /* Build configuration list for PBXNativeTarget "TrackerSnapshotTests" */;
			buildPhases = (
				A78A246F2E958790006F379A /* Sources */,
				A78A24702E958790006F379A /* Frameworks */,
				A78A24712E958790006F379A /* Resources */,
			);
			buildRules = (
			);
			dependencies = (
				A78A24782E958790006F379A /* PBXTargetDependency */,
			);
			fileSystemSynchronizedGroups = (
				A78A24742E958790006F379A /* TrackerSnapshotTests */,
			);
			name = TrackerSnapshotTests;
			packageProductDependencies = (
				A78A247D2E9589FE006F379A /* InlineSnapshotTesting */,
				A78A247F2E9589FE006F379A /* SnapshotTesting */,
				A78A24812E9589FE006F379A /* SnapshotTestingCustomDump */,
			);
			productName = TrackerSnapshotTests;
			productReference = A78A24732E958790006F379A /* TrackerSnapshotTests.xctest */;
			productType = "com.apple.product-type.bundle.unit-test";
		};
/* End PBXNativeTarget section */

/* Begin PBXProject section */
		A712CE9C2E4A66F10050C5DC /* Project object */ = {
			isa = PBXProject;
			attributes = {
				BuildIndependentTargetsInParallel = 1;
				LastSwiftUpdateCheck = 1640;
				LastUpgradeCheck = 1640;
				TargetAttributes = {
					A712CEA32E4A66F10050C5DC = {
						CreatedOnToolsVersion = 16.4;
					};
					A712CEB92E4A66F20050C5DC = {
						CreatedOnToolsVersion = 16.4;
						TestTargetID = A712CEA32E4A66F10050C5DC;
					};
					A712CEC32E4A66F20050C5DC = {
						CreatedOnToolsVersion = 16.4;
						TestTargetID = A712CEA32E4A66F10050C5DC;
					};
					A78A24722E958790006F379A = {
						CreatedOnToolsVersion = 16.4;
						TestTargetID = A712CEA32E4A66F10050C5DC;
					};
				};
			};
			buildConfigurationList = A712CE9F2E4A66F10050C5DC /* Build configuration list for PBXProject "Tracker" */;
			developmentRegion = en;
			hasScannedForEncodings = 0;
			knownRegions = (
				en,
				Base,
				ru,
				ar,
				cs,
				fr,
				de,
				es,
				"zh-Hant",
			);
			mainGroup = A712CE9B2E4A66F10050C5DC;
			minimizedProjectReferenceProxies = 1;
			packageReferences = (
				A78A247C2E9589FE006F379A /* XCRemoteSwiftPackageReference "swift-snapshot-testing" */,
			);
			preferredProjectObjectVersion = 77;
			productRefGroup = A712CEA52E4A66F10050C5DC /* Products */;
			projectDirPath = "";
			projectRoot = "";
			targets = (
				A712CEA32E4A66F10050C5DC /* Tracker */,
				A712CEB92E4A66F20050C5DC /* TrackerTests */,
				A712CEC32E4A66F20050C5DC /* TrackerUITests */,
				A78A24722E958790006F379A /* TrackerSnapshotTests */,
			);
		};
/* End PBXProject section */

/* Begin PBXResourcesBuildPhase section */
		A712CEA22E4A66F10050C5DC /* Resources */ = {
			isa = PBXResourcesBuildPhase;
			buildActionMask = 2147483647;
			files = (
				A7EEE52A2E8DC362008D5414 /* Localizable.stringsdict in Resources */,
			);
			runOnlyForDeploymentPostprocessing = 0;
		};
		A712CEB82E4A66F20050C5DC /* Resources */ = {
			isa = PBXResourcesBuildPhase;
			buildActionMask = 2147483647;
			files = (
			);
			runOnlyForDeploymentPostprocessing = 0;
		};
		A712CEC22E4A66F20050C5DC /* Resources */ = {
			isa = PBXResourcesBuildPhase;
			buildActionMask = 2147483647;
			files = (
			);
			runOnlyForDeploymentPostprocessing = 0;
		};
		A78A24712E958790006F379A /* Resources */ = {
			isa = PBXResourcesBuildPhase;
			buildActionMask = 2147483647;
			files = (
			);
			runOnlyForDeploymentPostprocessing = 0;
		};
/* End PBXResourcesBuildPhase section */

/* Begin PBXSourcesBuildPhase section */
		A712CEA02E4A66F10050C5DC /* Sources */ = {
			isa = PBXSourcesBuildPhase;
			buildActionMask = 2147483647;
			files = (
				A78A24512E9431C9006F379A /* WeekDayArrayTransformer.swift in Sources */,
				A76B443A2E744A7300E6F830 /* Tracker.xcdatamodeld in Sources */,
				A7B7BD292E792108000579FD /* TrackerRecordStore.swift in Sources */,
				A7B7BD202E7869CF000579FD /* CoreDataStack.swift in Sources */,
				A7B7BD272E7920EE000579FD /* TrackerStore.swift in Sources */,
				A7B7BD252E7920BB000579FD /* TrackerCategoryStore.swift in Sources */,
			);
			runOnlyForDeploymentPostprocessing = 0;
		};
		A712CEB62E4A66F20050C5DC /* Sources */ = {
			isa = PBXSourcesBuildPhase;
			buildActionMask = 2147483647;
			files = (
			);
			runOnlyForDeploymentPostprocessing = 0;
		};
		A712CEC02E4A66F20050C5DC /* Sources */ = {
			isa = PBXSourcesBuildPhase;
			buildActionMask = 2147483647;
			files = (
			);
			runOnlyForDeploymentPostprocessing = 0;
		};
		A78A246F2E958790006F379A /* Sources */ = {
			isa = PBXSourcesBuildPhase;
			buildActionMask = 2147483647;
			files = (
			);
			runOnlyForDeploymentPostprocessing = 0;
		};
/* End PBXSourcesBuildPhase section */

/* Begin PBXTargetDependency section */
		A712CEBC2E4A66F20050C5DC /* PBXTargetDependency */ = {
			isa = PBXTargetDependency;
			target = A712CEA32E4A66F10050C5DC /* Tracker */;
			targetProxy = A712CEBB2E4A66F20050C5DC /* PBXContainerItemProxy */;
		};
		A712CEC62E4A66F20050C5DC /* PBXTargetDependency */ = {
			isa = PBXTargetDependency;
			target = A712CEA32E4A66F10050C5DC /* Tracker */;
			targetProxy = A712CEC52E4A66F20050C5DC /* PBXContainerItemProxy */;
		};
		A78A24782E958790006F379A /* PBXTargetDependency */ = {
			isa = PBXTargetDependency;
			target = A712CEA32E4A66F10050C5DC /* Tracker */;
			targetProxy = A78A24772E958790006F379A /* PBXContainerItemProxy */;
		};
/* End PBXTargetDependency section */

/* Begin PBXVariantGroup section */
		A7EEE5282E8DC362008D5414 /* Localizable.stringsdict */ = {
			isa = PBXVariantGroup;
			children = (
				A7EEE5292E8DC362008D5414 /* en */,
				A7EEE52B2E8DC389008D5414 /* ru */,
				A7EEE52C2E8DC38A008D5414 /* fr */,
			);
			name = Localizable.stringsdict;
			sourceTree = "<group>";
		};
/* End PBXVariantGroup section */

/* Begin XCBuildConfiguration section */
		A712CECE2E4A66F20050C5DC /* Debug */ = {
			isa = XCBuildConfiguration;
			buildSettings = {
				ASSETCATALOG_COMPILER_APPICON_NAME = AppIcon;
				ASSETCATALOG_COMPILER_GLOBAL_ACCENT_COLOR_NAME = AccentColor;
				CODE_SIGN_STYLE = Automatic;
				CURRENT_PROJECT_VERSION = 1;
				DEVELOPMENT_TEAM = 5LGKV2YP8R;
				GENERATE_INFOPLIST_FILE = YES;
				INFOPLIST_FILE = Tracker/Info.plist;
				INFOPLIST_KEY_UIApplicationSupportsIndirectInputEvents = YES;
				INFOPLIST_KEY_UILaunchStoryboardName = LaunchScreen;
				INFOPLIST_KEY_UIMainStoryboardFile = Main;
				INFOPLIST_KEY_UISupportedInterfaceOrientations_iPad = "UIInterfaceOrientationPortrait UIInterfaceOrientationPortraitUpsideDown UIInterfaceOrientationLandscapeLeft UIInterfaceOrientationLandscapeRight";
				INFOPLIST_KEY_UISupportedInterfaceOrientations_iPhone = "UIInterfaceOrientationPortrait UIInterfaceOrientationLandscapeLeft UIInterfaceOrientationLandscapeRight";
				IPHONEOS_DEPLOYMENT_TARGET = 17.6;
				LD_RUNPATH_SEARCH_PATHS = (
					"$(inherited)",
					"@executable_path/Frameworks",
				);
				MARKETING_VERSION = 1.0;
				PRODUCT_BUNDLE_IDENTIFIER = Gerasim.Tracker;
				PRODUCT_NAME = "$(TARGET_NAME)";
				SWIFT_EMIT_LOC_STRINGS = YES;
				SWIFT_VERSION = 5.0;
				TARGETED_DEVICE_FAMILY = "1,2";
			};
			name = Debug;
		};
		A712CECF2E4A66F20050C5DC /* Release */ = {
			isa = XCBuildConfiguration;
			buildSettings = {
				ASSETCATALOG_COMPILER_APPICON_NAME = AppIcon;
				ASSETCATALOG_COMPILER_GLOBAL_ACCENT_COLOR_NAME = AccentColor;
				CODE_SIGN_STYLE = Automatic;
				CURRENT_PROJECT_VERSION = 1;
				DEVELOPMENT_TEAM = 5LGKV2YP8R;
				GENERATE_INFOPLIST_FILE = YES;
				INFOPLIST_FILE = Tracker/Info.plist;
				INFOPLIST_KEY_UIApplicationSupportsIndirectInputEvents = YES;
				INFOPLIST_KEY_UILaunchStoryboardName = LaunchScreen;
				INFOPLIST_KEY_UIMainStoryboardFile = Main;
				INFOPLIST_KEY_UISupportedInterfaceOrientations_iPad = "UIInterfaceOrientationPortrait UIInterfaceOrientationPortraitUpsideDown UIInterfaceOrientationLandscapeLeft UIInterfaceOrientationLandscapeRight";
				INFOPLIST_KEY_UISupportedInterfaceOrientations_iPhone = "UIInterfaceOrientationPortrait UIInterfaceOrientationLandscapeLeft UIInterfaceOrientationLandscapeRight";
				IPHONEOS_DEPLOYMENT_TARGET = 17.6;
				LD_RUNPATH_SEARCH_PATHS = (
					"$(inherited)",
					"@executable_path/Frameworks",
				);
				MARKETING_VERSION = 1.0;
				PRODUCT_BUNDLE_IDENTIFIER = Gerasim.Tracker;
				PRODUCT_NAME = "$(TARGET_NAME)";
				SWIFT_EMIT_LOC_STRINGS = YES;
				SWIFT_VERSION = 5.0;
				TARGETED_DEVICE_FAMILY = "1,2";
			};
			name = Release;
		};
		A712CED02E4A66F20050C5DC /* Debug */ = {
			isa = XCBuildConfiguration;
			buildSettings = {
				ALWAYS_SEARCH_USER_PATHS = NO;
				ASSETCATALOG_COMPILER_GENERATE_SWIFT_ASSET_SYMBOL_EXTENSIONS = YES;
				CLANG_ANALYZER_LOCALIZABILITY_NONLOCALIZED = YES;
				CLANG_ANALYZER_NONNULL = YES;
				CLANG_ANALYZER_NUMBER_OBJECT_CONVERSION = YES_AGGRESSIVE;
				CLANG_CXX_LANGUAGE_STANDARD = "gnu++20";
				CLANG_ENABLE_MODULES = YES;
				CLANG_ENABLE_OBJC_ARC = YES;
				CLANG_ENABLE_OBJC_WEAK = YES;
				CLANG_WARN_BLOCK_CAPTURE_AUTORELEASING = YES;
				CLANG_WARN_BOOL_CONVERSION = YES;
				CLANG_WARN_COMMA = YES;
				CLANG_WARN_CONSTANT_CONVERSION = YES;
				CLANG_WARN_DEPRECATED_OBJC_IMPLEMENTATIONS = YES;
				CLANG_WARN_DIRECT_OBJC_ISA_USAGE = YES_ERROR;
				CLANG_WARN_DOCUMENTATION_COMMENTS = YES;
				CLANG_WARN_EMPTY_BODY = YES;
				CLANG_WARN_ENUM_CONVERSION = YES;
				CLANG_WARN_INFINITE_RECURSION = YES;
				CLANG_WARN_INT_CONVERSION = YES;
				CLANG_WARN_NON_LITERAL_NULL_CONVERSION = YES;
				CLANG_WARN_OBJC_IMPLICIT_RETAIN_SELF = YES;
				CLANG_WARN_OBJC_LITERAL_CONVERSION = YES;
				CLANG_WARN_OBJC_ROOT_CLASS = YES_ERROR;
				CLANG_WARN_QUOTED_INCLUDE_IN_FRAMEWORK_HEADER = YES;
				CLANG_WARN_RANGE_LOOP_ANALYSIS = YES;
				CLANG_WARN_STRICT_PROTOTYPES = YES;
				CLANG_WARN_SUSPICIOUS_MOVE = YES;
				CLANG_WARN_UNGUARDED_AVAILABILITY = YES_AGGRESSIVE;
				CLANG_WARN_UNREACHABLE_CODE = YES;
				CLANG_WARN__DUPLICATE_METHOD_MATCH = YES;
				COPY_PHASE_STRIP = NO;
				DEBUG_INFORMATION_FORMAT = dwarf;
				DEVELOPMENT_TEAM = 5LGKV2YP8R;
				ENABLE_STRICT_OBJC_MSGSEND = YES;
				ENABLE_TESTABILITY = YES;
				ENABLE_USER_SCRIPT_SANDBOXING = YES;
				GCC_C_LANGUAGE_STANDARD = gnu17;
				GCC_DYNAMIC_NO_PIC = NO;
				GCC_NO_COMMON_BLOCKS = YES;
				GCC_OPTIMIZATION_LEVEL = 0;
				GCC_PREPROCESSOR_DEFINITIONS = (
					"DEBUG=1",
					"$(inherited)",
				);
				GCC_WARN_64_TO_32_BIT_CONVERSION = YES;
				GCC_WARN_ABOUT_RETURN_TYPE = YES_ERROR;
				GCC_WARN_UNDECLARED_SELECTOR = YES;
				GCC_WARN_UNINITIALIZED_AUTOS = YES_AGGRESSIVE;
				GCC_WARN_UNUSED_FUNCTION = YES;
				GCC_WARN_UNUSED_VARIABLE = YES;
				IPHONEOS_DEPLOYMENT_TARGET = 18.5;
				LOCALIZATION_PREFERS_STRING_CATALOGS = YES;
				MTL_ENABLE_DEBUG_INFO = INCLUDE_SOURCE;
				MTL_FAST_MATH = YES;
				ONLY_ACTIVE_ARCH = YES;
				SDKROOT = iphoneos;
				SWIFT_ACTIVE_COMPILATION_CONDITIONS = "DEBUG $(inherited)";
				SWIFT_OPTIMIZATION_LEVEL = "-Onone";
			};
			name = Debug;
		};
		A712CED12E4A66F20050C5DC /* Release */ = {
			isa = XCBuildConfiguration;
			buildSettings = {
				ALWAYS_SEARCH_USER_PATHS = NO;
				ASSETCATALOG_COMPILER_GENERATE_SWIFT_ASSET_SYMBOL_EXTENSIONS = YES;
				CLANG_ANALYZER_LOCALIZABILITY_NONLOCALIZED = YES;
				CLANG_ANALYZER_NONNULL = YES;
				CLANG_ANALYZER_NUMBER_OBJECT_CONVERSION = YES_AGGRESSIVE;
				CLANG_CXX_LANGUAGE_STANDARD = "gnu++20";
				CLANG_ENABLE_MODULES = YES;
				CLANG_ENABLE_OBJC_ARC = YES;
				CLANG_ENABLE_OBJC_WEAK = YES;
				CLANG_WARN_BLOCK_CAPTURE_AUTORELEASING = YES;
				CLANG_WARN_BOOL_CONVERSION = YES;
				CLANG_WARN_COMMA = YES;
				CLANG_WARN_CONSTANT_CONVERSION = YES;
				CLANG_WARN_DEPRECATED_OBJC_IMPLEMENTATIONS = YES;
				CLANG_WARN_DIRECT_OBJC_ISA_USAGE = YES_ERROR;
				CLANG_WARN_DOCUMENTATION_COMMENTS = YES;
				CLANG_WARN_EMPTY_BODY = YES;
				CLANG_WARN_ENUM_CONVERSION = YES;
				CLANG_WARN_INFINITE_RECURSION = YES;
				CLANG_WARN_INT_CONVERSION = YES;
				CLANG_WARN_NON_LITERAL_NULL_CONVERSION = YES;
				CLANG_WARN_OBJC_IMPLICIT_RETAIN_SELF = YES;
				CLANG_WARN_OBJC_LITERAL_CONVERSION = YES;
				CLANG_WARN_OBJC_ROOT_CLASS = YES_ERROR;
				CLANG_WARN_QUOTED_INCLUDE_IN_FRAMEWORK_HEADER = YES;
				CLANG_WARN_RANGE_LOOP_ANALYSIS = YES;
				CLANG_WARN_STRICT_PROTOTYPES = YES;
				CLANG_WARN_SUSPICIOUS_MOVE = YES;
				CLANG_WARN_UNGUARDED_AVAILABILITY = YES_AGGRESSIVE;
				CLANG_WARN_UNREACHABLE_CODE = YES;
				CLANG_WARN__DUPLICATE_METHOD_MATCH = YES;
				COPY_PHASE_STRIP = NO;
				DEBUG_INFORMATION_FORMAT = "dwarf-with-dsym";
				DEVELOPMENT_TEAM = 5LGKV2YP8R;
				ENABLE_NS_ASSERTIONS = NO;
				ENABLE_STRICT_OBJC_MSGSEND = YES;
				ENABLE_USER_SCRIPT_SANDBOXING = YES;
				GCC_C_LANGUAGE_STANDARD = gnu17;
				GCC_NO_COMMON_BLOCKS = YES;
				GCC_WARN_64_TO_32_BIT_CONVERSION = YES;
				GCC_WARN_ABOUT_RETURN_TYPE = YES_ERROR;
				GCC_WARN_UNDECLARED_SELECTOR = YES;
				GCC_WARN_UNINITIALIZED_AUTOS = YES_AGGRESSIVE;
				GCC_WARN_UNUSED_FUNCTION = YES;
				GCC_WARN_UNUSED_VARIABLE = YES;
				IPHONEOS_DEPLOYMENT_TARGET = 18.5;
				LOCALIZATION_PREFERS_STRING_CATALOGS = YES;
				MTL_ENABLE_DEBUG_INFO = NO;
				MTL_FAST_MATH = YES;
				SDKROOT = iphoneos;
				SWIFT_COMPILATION_MODE = wholemodule;
				VALIDATE_PRODUCT = YES;
			};
			name = Release;
		};
		A712CED32E4A66F20050C5DC /* Debug */ = {
			isa = XCBuildConfiguration;
			buildSettings = {
				BUNDLE_LOADER = "$(TEST_HOST)";
				CODE_SIGN_STYLE = Automatic;
				CURRENT_PROJECT_VERSION = 1;
				DEVELOPMENT_TEAM = 5LGKV2YP8R;
				GENERATE_INFOPLIST_FILE = YES;
				IPHONEOS_DEPLOYMENT_TARGET = 18.5;
				MARKETING_VERSION = 1.0;
				PRODUCT_BUNDLE_IDENTIFIER = Gerasim.TrackerTests;
				PRODUCT_NAME = "$(TARGET_NAME)";
				SWIFT_EMIT_LOC_STRINGS = NO;
				SWIFT_VERSION = 5.0;
				TARGETED_DEVICE_FAMILY = "1,2";
				TEST_HOST = "$(BUILT_PRODUCTS_DIR)/Tracker.app/$(BUNDLE_EXECUTABLE_FOLDER_PATH)/Tracker";
			};
			name = Debug;
		};
		A712CED42E4A66F20050C5DC /* Release */ = {
			isa = XCBuildConfiguration;
			buildSettings = {
				BUNDLE_LOADER = "$(TEST_HOST)";
				CODE_SIGN_STYLE = Automatic;
				CURRENT_PROJECT_VERSION = 1;
				DEVELOPMENT_TEAM = 5LGKV2YP8R;
				GENERATE_INFOPLIST_FILE = YES;
				IPHONEOS_DEPLOYMENT_TARGET = 18.5;
				MARKETING_VERSION = 1.0;
				PRODUCT_BUNDLE_IDENTIFIER = Gerasim.TrackerTests;
				PRODUCT_NAME = "$(TARGET_NAME)";
				SWIFT_EMIT_LOC_STRINGS = NO;
				SWIFT_VERSION = 5.0;
				TARGETED_DEVICE_FAMILY = "1,2";
				TEST_HOST = "$(BUILT_PRODUCTS_DIR)/Tracker.app/$(BUNDLE_EXECUTABLE_FOLDER_PATH)/Tracker";
			};
			name = Release;
		};
		A712CED62E4A66F20050C5DC /* Debug */ = {
			isa = XCBuildConfiguration;
			buildSettings = {
				CODE_SIGN_STYLE = Automatic;
				CURRENT_PROJECT_VERSION = 1;
				DEVELOPMENT_TEAM = 5LGKV2YP8R;
				GENERATE_INFOPLIST_FILE = YES;
				MARKETING_VERSION = 1.0;
				PRODUCT_BUNDLE_IDENTIFIER = Gerasim.TrackerUITests;
				PRODUCT_NAME = "$(TARGET_NAME)";
				SWIFT_EMIT_LOC_STRINGS = NO;
				SWIFT_VERSION = 5.0;
				TARGETED_DEVICE_FAMILY = "1,2";
				TEST_TARGET_NAME = Tracker;
			};
			name = Debug;
		};
		A712CED72E4A66F20050C5DC /* Release */ = {
			isa = XCBuildConfiguration;
			buildSettings = {
				CODE_SIGN_STYLE = Automatic;
				CURRENT_PROJECT_VERSION = 1;
				DEVELOPMENT_TEAM = 5LGKV2YP8R;
				GENERATE_INFOPLIST_FILE = YES;
				MARKETING_VERSION = 1.0;
				PRODUCT_BUNDLE_IDENTIFIER = Gerasim.TrackerUITests;
				PRODUCT_NAME = "$(TARGET_NAME)";
				SWIFT_EMIT_LOC_STRINGS = NO;
				SWIFT_VERSION = 5.0;
				TARGETED_DEVICE_FAMILY = "1,2";
				TEST_TARGET_NAME = Tracker;
			};
			name = Release;
		};
		A78A247A2E958790006F379A /* Debug */ = {
			isa = XCBuildConfiguration;
			buildSettings = {
				BUNDLE_LOADER = "$(TEST_HOST)";
				CODE_SIGN_STYLE = Automatic;
				CURRENT_PROJECT_VERSION = 1;
				DEVELOPMENT_TEAM = 5LGKV2YP8R;
				GENERATE_INFOPLIST_FILE = YES;
				MARKETING_VERSION = 1.0;
				PRODUCT_BUNDLE_IDENTIFIER = Gerasim.TrackerSnapshotTests;
				PRODUCT_NAME = "$(TARGET_NAME)";
				SWIFT_EMIT_LOC_STRINGS = NO;
				SWIFT_VERSION = 5.0;
				TARGETED_DEVICE_FAMILY = "1,2";
				TEST_HOST = "$(BUILT_PRODUCTS_DIR)/Tracker.app/$(BUNDLE_EXECUTABLE_FOLDER_PATH)/Tracker";
			};
			name = Debug;
		};
		A78A247B2E958790006F379A /* Release */ = {
			isa = XCBuildConfiguration;
			buildSettings = {
				BUNDLE_LOADER = "$(TEST_HOST)";
				CODE_SIGN_STYLE = Automatic;
				CURRENT_PROJECT_VERSION = 1;
				DEVELOPMENT_TEAM = 5LGKV2YP8R;
				GENERATE_INFOPLIST_FILE = YES;
				MARKETING_VERSION = 1.0;
				PRODUCT_BUNDLE_IDENTIFIER = Gerasim.TrackerSnapshotTests;
				PRODUCT_NAME = "$(TARGET_NAME)";
				SWIFT_EMIT_LOC_STRINGS = NO;
				SWIFT_VERSION = 5.0;
				TARGETED_DEVICE_FAMILY = "1,2";
				TEST_HOST = "$(BUILT_PRODUCTS_DIR)/Tracker.app/$(BUNDLE_EXECUTABLE_FOLDER_PATH)/Tracker";
			};
			name = Release;
		};
/* End XCBuildConfiguration section */

/* Begin XCConfigurationList section */
		A712CE9F2E4A66F10050C5DC /* Build configuration list for PBXProject "Tracker" */ = {
			isa = XCConfigurationList;
			buildConfigurations = (
				A712CED02E4A66F20050C5DC /* Debug */,
				A712CED12E4A66F20050C5DC /* Release */,
			);
			defaultConfigurationIsVisible = 0;
			defaultConfigurationName = Release;
		};
		A712CECD2E4A66F20050C5DC /* Build configuration list for PBXNativeTarget "Tracker" */ = {
			isa = XCConfigurationList;
			buildConfigurations = (
				A712CECE2E4A66F20050C5DC /* Debug */,
				A712CECF2E4A66F20050C5DC /* Release */,
			);
			defaultConfigurationIsVisible = 0;
			defaultConfigurationName = Release;
		};
		A712CED22E4A66F20050C5DC /* Build configuration list for PBXNativeTarget "TrackerTests" */ = {
			isa = XCConfigurationList;
			buildConfigurations = (
				A712CED32E4A66F20050C5DC /* Debug */,
				A712CED42E4A66F20050C5DC /* Release */,
			);
			defaultConfigurationIsVisible = 0;
			defaultConfigurationName = Release;
		};
		A712CED52E4A66F20050C5DC /* Build configuration list for PBXNativeTarget "TrackerUITests" */ = {
			isa = XCConfigurationList;
			buildConfigurations = (
				A712CED62E4A66F20050C5DC /* Debug */,
				A712CED72E4A66F20050C5DC /* Release */,
			);
			defaultConfigurationIsVisible = 0;
			defaultConfigurationName = Release;
		};
		A78A24792E958790006F379A /* Build configuration list for PBXNativeTarget "TrackerSnapshotTests" */ = {
			isa = XCConfigurationList;
			buildConfigurations = (
				A78A247A2E958790006F379A /* Debug */,
				A78A247B2E958790006F379A /* Release */,
			);
			defaultConfigurationIsVisible = 0;
			defaultConfigurationName = Release;
		};
/* End XCConfigurationList section */

/* Begin XCRemoteSwiftPackageReference section */
		A78A247C2E9589FE006F379A /* XCRemoteSwiftPackageReference "swift-snapshot-testing" */ = {
			isa = XCRemoteSwiftPackageReference;
			repositoryURL = "https://github.com/pointfreeco/swift-snapshot-testing";
			requirement = {
				kind = upToNextMajorVersion;
				minimumVersion = 1.18.7;
			};
		};
/* End XCRemoteSwiftPackageReference section */

/* Begin XCSwiftPackageProductDependency section */
		A78A247D2E9589FE006F379A /* InlineSnapshotTesting */ = {
			isa = XCSwiftPackageProductDependency;
			package = A78A247C2E9589FE006F379A /* XCRemoteSwiftPackageReference "swift-snapshot-testing" */;
			productName = InlineSnapshotTesting;
		};
		A78A247F2E9589FE006F379A /* SnapshotTesting */ = {
			isa = XCSwiftPackageProductDependency;
			package = A78A247C2E9589FE006F379A /* XCRemoteSwiftPackageReference "swift-snapshot-testing" */;
			productName = SnapshotTesting;
		};
		A78A24812E9589FE006F379A /* SnapshotTestingCustomDump */ = {
			isa = XCSwiftPackageProductDependency;
			package = A78A247C2E9589FE006F379A /* XCRemoteSwiftPackageReference "swift-snapshot-testing" */;
			productName = SnapshotTestingCustomDump;
		};
/* End XCSwiftPackageProductDependency section */

/* Begin XCVersionGroup section */
		A76B44382E744A7300E6F830 /* Tracker.xcdatamodeld */ = {
			isa = XCVersionGroup;
			children = (
				A76B44392E744A7300E6F830 /* Tracker.xcdatamodel */,
			);
			currentVersion = A76B44392E744A7300E6F830 /* Tracker.xcdatamodel */;
			path = Tracker.xcdatamodeld;
			sourceTree = "<group>";
			versionGroupType = wrapper.xcdatamodel;
		};
/* End XCVersionGroup section */
	};
	rootObject = A712CE9C2E4A66F10050C5DC /* Project object */;
}
